
Microsoft Visual Studio Solution File, Format Version 12.00
# Visual Studio Version 16
VisualStudioVersion = 16.0.30011.22
MinimumVisualStudioVersion = 10.0.40219.1
Project("{9A19103F-16F7-4668-BE54-9A1E7A4F7556}") = "NetDevPack.Brasil", "src\NetDevPack.Brasil\NetDevPack.Brasil.csproj", "{4C0DA22B-9B47-4C84-8B89-726DDE56763C}"
EndProject
Project("{FAE04EC0-301F-11D3-BF4B-00C04F79EFBC}") = "NetDevPack.Brasil.Tests", "tests\NetDevPack.Brasil.Tests\NetDevPack.Brasil.Tests.csproj", "{B9027F13-E4DB-4F0E-8BAD-15C542FBF17C}"
EndProject
Global
	GlobalSection(SolutionConfigurationPlatforms) = preSolution
		Debug|Any CPU = Debug|Any CPU
		Release|Any CPU = Release|Any CPU
	EndGlobalSection
	GlobalSection(ProjectConfigurationPlatforms) = postSolution
		{4C0DA22B-9B47-4C84-8B89-726DDE56763C}.Debug|Any CPU.ActiveCfg = Debug|Any CPU
		{4C0DA22B-9B47-4C84-8B89-726DDE56763C}.Debug|Any CPU.Build.0 = Debug|Any CPU
		{4C0DA22B-9B47-4C84-8B89-726DDE56763C}.Release|Any CPU.ActiveCfg = Release|Any CPU
		{4C0DA22B-9B47-4C84-8B89-726DDE56763C}.Release|Any CPU.Build.0 = Release|Any CPU
		{B9027F13-E4DB-4F0E-8BAD-15C542FBF17C}.Debug|Any CPU.ActiveCfg = Debug|Any CPU
		{B9027F13-E4DB-4F0E-8BAD-15C542FBF17C}.Debug|Any CPU.Build.0 = Debug|Any CPU
		{B9027F13-E4DB-4F0E-8BAD-15C542FBF17C}.Release|Any CPU.ActiveCfg = Release|Any CPU
		{B9027F13-E4DB-4F0E-8BAD-15C542FBF17C}.Release|Any CPU.Build.0 = Release|Any CPU
	EndGlobalSection
	GlobalSection(SolutionProperties) = preSolution
		HideSolutionNode = FALSE
	EndGlobalSection
	GlobalSection(ExtensibilityGlobals) = postSolution
		SolutionGuid = {BA06990C-4C58-49E9-9079-6F31B305B38A}
	EndGlobalSection
EndGlobal
